
Microsoft Visual Studio Solution File, Format Version 12.00
# Visual Studio Version 17
VisualStudioVersion = 17.8.34511.84
MinimumVisualStudioVersion = 10.0.40219.1
Project("{FAE04EC0-301F-11D3-BF4B-00C04F79EFBC}") = "AsprakAPI", "AsprakAPI\AsprakAPI.csproj", "{48AFE643-7F2E-48EE-A6AA-4F03278670B6}"
EndProject
Global
	GlobalSection(SolutionConfigurationPlatforms) = preSolution
		Debug|Any CPU = Debug|Any CPU
		Release|Any CPU = Release|Any CPU
	EndGlobalSection
	GlobalSection(ProjectConfigurationPlatforms) = postSolution
		{48AFE643-7F2E-48EE-A6AA-4F03278670B6}.Debug|Any CPU.ActiveCfg = Debug|Any CPU
		{48AFE643-7F2E-48EE-A6AA-4F03278670B6}.Debug|Any CPU.Build.0 = Debug|Any CPU
		{48AFE643-7F2E-48EE-A6AA-4F03278670B6}.Release|Any CPU.ActiveCfg = Release|Any CPU
		{48AFE643-7F2E-48EE-A6AA-4F03278670B6}.Release|Any CPU.Build.0 = Release|Any CPU
	EndGlobalSection
	GlobalSection(SolutionProperties) = preSolution
		HideSolutionNode = FALSE
	EndGlobalSection
	GlobalSection(ExtensibilityGlobals) = postSolution
		SolutionGuid = {354E687E-4B2F-40E6-81F7-32E5158A6072}
	EndGlobalSection
EndGlobal
